
Microsoft Visual Studio Solution File, Format Version 12.00
# Visual Studio Version 16
VisualStudioVersion = 16.0.810.17
MinimumVisualStudioVersion = 10.0.40219.1
Project("{FAE04EC0-301F-11D3-BF4B-00C04F79EFBC}") = "Hello_Mac", "Hello_Mac\Hello_Mac.csproj", "{F5B2E3CE-107D-4858-A391-74D0CED0772B}"
EndProject
Global
	GlobalSection(SolutionConfigurationPlatforms) = preSolution
		Debug|Any CPU = Debug|Any CPU
		Release|Any CPU = Release|Any CPU
	EndGlobalSection
	GlobalSection(ProjectConfigurationPlatforms) = postSolution
		{F5B2E3CE-107D-4858-A391-74D0CED0772B}.Debug|Any CPU.ActiveCfg = Debug|Any CPU
		{F5B2E3CE-107D-4858-A391-74D0CED0772B}.Debug|Any CPU.Build.0 = Debug|Any CPU
		{F5B2E3CE-107D-4858-A391-74D0CED0772B}.Release|Any CPU.ActiveCfg = Release|Any CPU
		{F5B2E3CE-107D-4858-A391-74D0CED0772B}.Release|Any CPU.Build.0 = Release|Any CPU
	EndGlobalSection
	GlobalSection(SolutionProperties) = preSolution
		HideSolutionNode = FALSE
	EndGlobalSection
	GlobalSection(ExtensibilityGlobals) = postSolution
		SolutionGuid = {700D407D-9D1B-4F91-A802-5A7C4E8BBE8E}
	EndGlobalSection
EndGlobal
